
Microsoft Visual Studio Solution File, Format Version 12.00
# Visual Studio Version 17
VisualStudioVersion = 17.8.34330.188
MinimumVisualStudioVersion = 10.0.40219.1
Project("{9A19103F-16F7-4668-BE54-9A1E7A4F7556}") = "Ems_API", "Ems_API\Ems_API.csproj", "{BFBF28F3-5CBD-481E-9495-92D0576AD575}"
EndProject
Project("{9A19103F-16F7-4668-BE54-9A1E7A4F7556}") = "Ems_UI", "Ems_UI\Ems_UI.csproj", "{A0F6FF7D-FD0A-4243-81CF-6FBA044EE513}"
EndProject
Project("{9A19103F-16F7-4668-BE54-9A1E7A4F7556}") = "Ems_Services", "Ems_Services\Ems_Services.csproj", "{CA1DB1C0-F8C6-4C66-88C1-EF11A349CF03}"
EndProject
Project("{9A19103F-16F7-4668-BE54-9A1E7A4F7556}") = "Ems_Data", "Ems_Data\Ems_Data.csproj", "{1B429287-8299-4B63-AE76-05955E84A36A}"
EndProject
Project("{9A19103F-16F7-4668-BE54-9A1E7A4F7556}") = "Ems_Logging", "Ems_Logging\Ems_Logging.csproj", "{CCE5619C-E4CD-42EA-A700-C99DB9C59D0F}"
EndProject
Project("{9A19103F-16F7-4668-BE54-9A1E7A4F7556}") = "Ems_Models", "Ems_Models\Ems_Models.csproj", "{922C68B2-A55D-4928-88A8-FB21B9D1BFAE}"
EndProject
Project("{9A19103F-16F7-4668-BE54-9A1E7A4F7556}") = "Ems_Shared", "Ems_Shared\Ems_Shared.csproj", "{808EB1A2-F85A-4E61-8DB6-BF8B7253692A}"
EndProject
Project("{9A19103F-16F7-4668-BE54-9A1E7A4F7556}") = "Ems_Base_Library", "Ems_Base_Library\Ems_Base_Library.csproj", "{00920F06-2A3C-4B3B-B707-EECC2ACD4BC7}"
EndProject
Project("{9A19103F-16F7-4668-BE54-9A1E7A4F7556}") = "Ems_UI_Service", "Ems_UI_Library\Ems_UI_Service.csproj", "{CAE23002-D8A6-4820-BC10-8D6946B1C928}"
EndProject
Project("{9A19103F-16F7-4668-BE54-9A1E7A4F7556}") = "Ems_API_Library", "Ems_API_Library\Ems_API_Library.csproj", "{24312CD8-FC35-48F6-9BB0-6479F65F7C07}"
EndProject
Global
	GlobalSection(SolutionConfigurationPlatforms) = preSolution
		Debug|Any CPU = Debug|Any CPU
		Release|Any CPU = Release|Any CPU
	EndGlobalSection
	GlobalSection(ProjectConfigurationPlatforms) = postSolution
		{BFBF28F3-5CBD-481E-9495-92D0576AD575}.Debug|Any CPU.ActiveCfg = Debug|Any CPU
		{BFBF28F3-5CBD-481E-9495-92D0576AD575}.Debug|Any CPU.Build.0 = Debug|Any CPU
		{BFBF28F3-5CBD-481E-9495-92D0576AD575}.Release|Any CPU.ActiveCfg = Release|Any CPU
		{BFBF28F3-5CBD-481E-9495-92D0576AD575}.Release|Any CPU.Build.0 = Release|Any CPU
		{A0F6FF7D-FD0A-4243-81CF-6FBA044EE513}.Debug|Any CPU.ActiveCfg = Debug|Any CPU
		{A0F6FF7D-FD0A-4243-81CF-6FBA044EE513}.Debug|Any CPU.Build.0 = Debug|Any CPU
		{A0F6FF7D-FD0A-4243-81CF-6FBA044EE513}.Release|Any CPU.ActiveCfg = Release|Any CPU
		{A0F6FF7D-FD0A-4243-81CF-6FBA044EE513}.Release|Any CPU.Build.0 = Release|Any CPU
		{CA1DB1C0-F8C6-4C66-88C1-EF11A349CF03}.Debug|Any CPU.ActiveCfg = Debug|Any CPU
		{CA1DB1C0-F8C6-4C66-88C1-EF11A349CF03}.Debug|Any CPU.Build.0 = Debug|Any CPU
		{CA1DB1C0-F8C6-4C66-88C1-EF11A349CF03}.Release|Any CPU.ActiveCfg = Release|Any CPU
		{CA1DB1C0-F8C6-4C66-88C1-EF11A349CF03}.Release|Any CPU.Build.0 = Release|Any CPU
		{1B429287-8299-4B63-AE76-05955E84A36A}.Debug|Any CPU.ActiveCfg = Debug|Any CPU
		{1B429287-8299-4B63-AE76-05955E84A36A}.Debug|Any CPU.Build.0 = Debug|Any CPU
		{1B429287-8299-4B63-AE76-05955E84A36A}.Release|Any CPU.ActiveCfg = Release|Any CPU
		{1B429287-8299-4B63-AE76-05955E84A36A}.Release|Any CPU.Build.0 = Release|Any CPU
		{CCE5619C-E4CD-42EA-A700-C99DB9C59D0F}.Debug|Any CPU.ActiveCfg = Debug|Any CPU
		{CCE5619C-E4CD-42EA-A700-C99DB9C59D0F}.Debug|Any CPU.Build.0 = Debug|Any CPU
		{CCE5619C-E4CD-42EA-A700-C99DB9C59D0F}.Release|Any CPU.ActiveCfg = Release|Any CPU
		{CCE5619C-E4CD-42EA-A700-C99DB9C59D0F}.Release|Any CPU.Build.0 = Release|Any CPU
		{922C68B2-A55D-4928-88A8-FB21B9D1BFAE}.Debug|Any CPU.ActiveCfg = Debug|Any CPU
		{922C68B2-A55D-4928-88A8-FB21B9D1BFAE}.Debug|Any CPU.Build.0 = Debug|Any CPU
		{922C68B2-A55D-4928-88A8-FB21B9D1BFAE}.Release|Any CPU.ActiveCfg = Release|Any CPU
		{922C68B2-A55D-4928-88A8-FB21B9D1BFAE}.Release|Any CPU.Build.0 = Release|Any CPU
		{808EB1A2-F85A-4E61-8DB6-BF8B7253692A}.Debug|Any CPU.ActiveCfg = Debug|Any CPU
		{808EB1A2-F85A-4E61-8DB6-BF8B7253692A}.Debug|Any CPU.Build.0 = Debug|Any CPU
		{808EB1A2-F85A-4E61-8DB6-BF8B7253692A}.Release|Any CPU.ActiveCfg = Release|Any CPU
		{808EB1A2-F85A-4E61-8DB6-BF8B7253692A}.Release|Any CPU.Build.0 = Release|Any CPU
		{00920F06-2A3C-4B3B-B707-EECC2ACD4BC7}.Debug|Any CPU.ActiveCfg = Debug|Any CPU
		{00920F06-2A3C-4B3B-B707-EECC2ACD4BC7}.Debug|Any CPU.Build.0 = Debug|Any CPU
		{00920F06-2A3C-4B3B-B707-EECC2ACD4BC7}.Release|Any CPU.ActiveCfg = Release|Any CPU
		{00920F06-2A3C-4B3B-B707-EECC2ACD4BC7}.Release|Any CPU.Build.0 = Release|Any CPU
		{CAE23002-D8A6-4820-BC10-8D6946B1C928}.Debug|Any CPU.ActiveCfg = Debug|Any CPU
		{CAE23002-D8A6-4820-BC10-8D6946B1C928}.Debug|Any CPU.Build.0 = Debug|Any CPU
		{CAE23002-D8A6-4820-BC10-8D6946B1C928}.Release|Any CPU.ActiveCfg = Release|Any CPU
		{CAE23002-D8A6-4820-BC10-8D6946B1C928}.Release|Any CPU.Build.0 = Release|Any CPU
		{24312CD8-FC35-48F6-9BB0-6479F65F7C07}.Debug|Any CPU.ActiveCfg = Debug|Any CPU
		{24312CD8-FC35-48F6-9BB0-6479F65F7C07}.Debug|Any CPU.Build.0 = Debug|Any CPU
		{24312CD8-FC35-48F6-9BB0-6479F65F7C07}.Release|Any CPU.ActiveCfg = Release|Any CPU
		{24312CD8-FC35-48F6-9BB0-6479F65F7C07}.Release|Any CPU.Build.0 = Release|Any CPU
	EndGlobalSection
	GlobalSection(SolutionProperties) = preSolution
		HideSolutionNode = FALSE
	EndGlobalSection
	GlobalSection(ExtensibilityGlobals) = postSolution
		SolutionGuid = {619969D3-DCB1-48BF-B9F8-E16A797F9B1E}
	EndGlobalSection
EndGlobal
